
Microsoft Visual Studio Solution File, Format Version 12.00
# Visual Studio Version 17
VisualStudioVersion = 17.11.35312.102
MinimumVisualStudioVersion = 10.0.40219.1
Project("{FAE04EC0-301F-11D3-BF4B-00C04F79EFBC}") = "ElevenEleven", "ElevenEleven\ElevenEleven.csproj", "{74605B64-286A-4295-B4FB-26672F2CF5DC}"
EndProject
Global
	GlobalSection(SolutionConfigurationPlatforms) = preSolution
		Debug|Any CPU = Debug|Any CPU
		Release|Any CPU = Release|Any CPU
	EndGlobalSection
	GlobalSection(ProjectConfigurationPlatforms) = postSolution
		{74605B64-286A-4295-B4FB-26672F2CF5DC}.Debug|Any CPU.ActiveCfg = Debug|Any CPU
		{74605B64-286A-4295-B4FB-26672F2CF5DC}.Debug|Any CPU.Build.0 = Debug|Any CPU
		{74605B64-286A-4295-B4FB-26672F2CF5DC}.Release|Any CPU.ActiveCfg = Release|Any CPU
		{74605B64-286A-4295-B4FB-26672F2CF5DC}.Release|Any CPU.Build.0 = Release|Any CPU
	EndGlobalSection
	GlobalSection(SolutionProperties) = preSolution
		HideSolutionNode = FALSE
	EndGlobalSection
	GlobalSection(ExtensibilityGlobals) = postSolution
		SolutionGuid = {00E9E18D-8020-4D99-8D57-5B83A76B0B6F}
	EndGlobalSection
EndGlobal
